{
  "lockfileVersion": 1,
  "workspaces": {
    "": {
      "name": "tools",
      "dependencies": {
        "@standard-schema/spec": "^1.0.0",
      },
      "devDependencies": {
        "@types/bun": "latest",
        "ai": "^4.1.54",
        "bun-plugin-isolated-decl": "^0.1.9",
        "oxc-transform": "^0.56.5",
      },
      "peerDependencies": {
        "typescript": "^5.8.2",
      },
    },
  },
  "packages": {
    "@ai-sdk/provider": ["@ai-sdk/provider@1.0.10", "", { "dependencies": { "json-schema": "^0.4.0" } }, "sha512-pco8Zl9U0xwXI+nCLc0woMtxbvjU8hRmGTseAUiPHFLYAAL8trRPCukg69IDeinOvIeo1SmXxAIdWWPZOLb4Cg=="],

    "@ai-sdk/provider-utils": ["@ai-sdk/provider-utils@2.1.11", "", { "dependencies": { "@ai-sdk/provider": "1.0.10", "eventsource-parser": "^3.0.0", "nanoid": "^3.3.8", "secure-json-parse": "^2.7.0" }, "peerDependencies": { "zod": "^3.0.0" }, "optionalPeers": ["zod"] }, "sha512-lMnXA5KaRJidzW7gQmlo/SnX6D+AKk5GxHFcQtOaGOSJNmu/qcNZc1rGaO7K5qW52OvCLXtnWudR4cc/FvMpVQ=="],

    "@ai-sdk/react": ["@ai-sdk/react@1.1.21", "", { "dependencies": { "@ai-sdk/provider-utils": "2.1.11", "@ai-sdk/ui-utils": "1.1.17", "swr": "^2.2.5", "throttleit": "2.1.0" }, "peerDependencies": { "react": "^18 || ^19 || ^19.0.0-rc", "zod": "^3.0.0" }, "optionalPeers": ["react", "zod"] }, "sha512-VKgqzG5wKjyLhROiFhRdyMuDcGu5QPfdLU5J7ovqR1HecknxymL3nCXsxWbAaiZ0khm2EsST6L6zwUbriZrKgg=="],

    "@ai-sdk/ui-utils": ["@ai-sdk/ui-utils@1.1.17", "", { "dependencies": { "@ai-sdk/provider": "1.0.10", "@ai-sdk/provider-utils": "2.1.11", "zod-to-json-schema": "^3.24.1" }, "peerDependencies": { "zod": "^3.0.0" }, "optionalPeers": ["zod"] }, "sha512-fCnp/wntZGqPf6tiCmhuQoSDLSBhXoI5DU2JX4As96EO870+jliE6ozvYUwYOZC6Ta2OKAjjWPcSP7HeHX0b+g=="],

    "@emnapi/core": ["@emnapi/core@1.3.1", "", { "dependencies": { "@emnapi/wasi-threads": "1.0.1", "tslib": "^2.4.0" } }, "sha512-pVGjBIt1Y6gg3EJN8jTcfpP/+uuRksIo055oE/OBkDNcjZqVbfkWCksG1Jp4yZnj3iKWyWX8fdG/j6UDYPbFog=="],

    "@emnapi/runtime": ["@emnapi/runtime@1.3.1", "", { "dependencies": { "tslib": "^2.4.0" } }, "sha512-kEBmG8KyqtxJZv+ygbEim+KCGtIq1fC22Ms3S4ziXmYKm8uyoLX0MHONVKwp+9opg390VaKRNt4a7A9NwmpNhw=="],

    "@emnapi/wasi-threads": ["@emnapi/wasi-threads@1.0.1", "", { "dependencies": { "tslib": "^2.4.0" } }, "sha512-iIBu7mwkq4UQGeMEM8bLwNK962nXdhodeScX4slfQnRhEMMzvYivHhutCIk8uojvmASXXPC2WNEjwxFWk72Oqw=="],

    "@jridgewell/sourcemap-codec": ["@jridgewell/sourcemap-codec@1.5.0", "", {}, "sha512-gv3ZRaISU3fjPAgNsriBRqGWQL6quFx04YMPW/zD8XMLsU32mhCCbfbO6KZFLjvYpCZ8zyDEgqsgf+PwPaM7GQ=="],

    "@napi-rs/wasm-runtime": ["@napi-rs/wasm-runtime@0.2.7", "", { "dependencies": { "@emnapi/core": "^1.3.1", "@emnapi/runtime": "^1.3.1", "@tybys/wasm-util": "^0.9.0" } }, "sha512-5yximcFK5FNompXfJFoWanu5l8v1hNGqNHh9du1xETp9HWk/B/PzvchX55WYOPaIeNglG8++68AAiauBAtbnzw=="],

    "@opentelemetry/api": ["@opentelemetry/api@1.9.0", "", {}, "sha512-3giAOQvZiH5F9bMlMiv8+GSPMeqg0dbaeo58/0SlA9sxSqZhnUtxzX9/2FzyhS9sWQf5S0GJE0AKBrFqjpeYcg=="],

    "@oxc-parser/binding-darwin-arm64": ["@oxc-parser/binding-darwin-arm64@0.48.2", "", { "os": "darwin", "cpu": "arm64" }, "sha512-3JY3K6AXq6QyloxLJkK9s7VFcrGU7Of8tG0bf9lIFzeNzmJDQAGUMYUkfUzDubx9prlNLCbxsgBTww5PjKgQeQ=="],

    "@oxc-parser/binding-darwin-x64": ["@oxc-parser/binding-darwin-x64@0.48.2", "", { "os": "darwin", "cpu": "x64" }, "sha512-v1MQnfx2iwoy1eMJYHRwHsp8FA9HK4xa+oqx6XEhxft6yVwrt+gVIBAU6jUAk783OGkmvIbZbw8uVosg+YYOGA=="],

    "@oxc-parser/binding-linux-arm64-gnu": ["@oxc-parser/binding-linux-arm64-gnu@0.48.2", "", { "os": "linux", "cpu": "arm64" }, "sha512-g9FUS++WwVJmrsZHS3vi7mlLQYHKL/tbX7H8ERlQhLp01JzD3zyyHzieVqeClV7B+nQSctyurpwmYuOD4grZPw=="],

    "@oxc-parser/binding-linux-arm64-musl": ["@oxc-parser/binding-linux-arm64-musl@0.48.2", "", { "os": "linux", "cpu": "arm64" }, "sha512-r5S+2IRW8QCL8eSv1gzp/nMTt1WbS04etm5mvM/55SH2G6bXJ8MNfcj3KATjmD/JvfNvsDVB80VlwI6HUNX+WQ=="],

    "@oxc-parser/binding-linux-x64-gnu": ["@oxc-parser/binding-linux-x64-gnu@0.48.2", "", { "os": "linux", "cpu": "x64" }, "sha512-f10drS9TBekdHh37TSWYSGLgKBAofC7zuRjnTTuH1sXWTxRzmshs8p4WNVYcqImfgix48o3H0uwIFNm/UsSkfA=="],

    "@oxc-parser/binding-linux-x64-musl": ["@oxc-parser/binding-linux-x64-musl@0.48.2", "", { "os": "linux", "cpu": "x64" }, "sha512-rUAOgodK1wW++RO2xBjvXJtALVyKbXDkaiG61Ob5+f9M4gfD6kfci2cqOT4dD5z2+zxB4dC71DaaOdwM20Yx9Q=="],

    "@oxc-parser/binding-win32-arm64-msvc": ["@oxc-parser/binding-win32-arm64-msvc@0.48.2", "", { "os": "win32", "cpu": "arm64" }, "sha512-xHMx56Xd0gXp3nwrIJ8Z6Hny2Mvj5jSAUUkd8cYakItA7LNGWYl3EeFKErRXh/Qyd9uhuB4BqSr0CjiMU40vsg=="],

    "@oxc-parser/binding-win32-x64-msvc": ["@oxc-parser/binding-win32-x64-msvc@0.48.2", "", { "os": "win32", "cpu": "x64" }, "sha512-lOszFeGRNeiShsS2GJBzFBrMiDFhxCi0ddBc3tewtmjXsrb84dNuzM8+JgG6x9WQMIcLB68YZGjtOL+63cC/EQ=="],

    "@oxc-project/types": ["@oxc-project/types@0.48.2", "", {}, "sha512-i2+xs0EKA7Ich5GP4rNyQnO+1Oio6XqzmQQSSVlNxyCPRUvp4V0ovY/e28K4F1vwakc51B251iSKbtHw03sZOw=="],

    "@oxc-transform/binding-darwin-arm64": ["@oxc-transform/binding-darwin-arm64@0.56.5", "", { "os": "darwin", "cpu": "arm64" }, "sha512-OlLgqKlWqA5A5IW3/YOKV2egeT/h/I36FjB88f07xbOGn/4B1Zj8TeIyvW49rbvi2edz6z5roPzp/CV/htXVHQ=="],

    "@oxc-transform/binding-darwin-x64": ["@oxc-transform/binding-darwin-x64@0.56.5", "", { "os": "darwin", "cpu": "x64" }, "sha512-4dEIUwNa+GVz+9nD/Yh9bC3hBL0m6/FQD/p0cTJNVTD8NCuuvHVb4wtIQMbzeROZILrYYDnb7y+WA6MiONVGlA=="],

    "@oxc-transform/binding-linux-arm-gnueabihf": ["@oxc-transform/binding-linux-arm-gnueabihf@0.56.5", "", { "os": "linux", "cpu": "arm" }, "sha512-Py/EGK8xSpC/u5TiXG13BihNaV9uoix4G4XMveNlpeOZI7t4SPkCVLQu5X6+4gdEEaJ7km+rrmjXLmrHfWQnjA=="],

    "@oxc-transform/binding-linux-arm64-gnu": ["@oxc-transform/binding-linux-arm64-gnu@0.56.5", "", { "os": "linux", "cpu": "arm64" }, "sha512-EEgK8RIbJRdLXHJS1VqrEgaMdcwu25xgGZACrSdqmGTAxP5jGwMXModcOdb7a0qiZpyMBEwM3Sa/u0kflJFYLQ=="],

    "@oxc-transform/binding-linux-arm64-musl": ["@oxc-transform/binding-linux-arm64-musl@0.56.5", "", { "os": "linux", "cpu": "arm64" }, "sha512-SwFBYSWS/GGBqMTqrNoN0IXFRhhey3euBe6a+QPKaI4RHC0jAxJIVIG5dRUjgPg4eAtnpbkWR+1MNk38mF6RiQ=="],

    "@oxc-transform/binding-linux-x64-gnu": ["@oxc-transform/binding-linux-x64-gnu@0.56.5", "", { "os": "linux", "cpu": "x64" }, "sha512-/egcz00fX5/oRArkmnE6CbRC6aZSOPi/+08AnN5E80iK1K47AB9tWWaA0wS1eI4glDIXlcupH3lYzxSS2qcbBg=="],

    "@oxc-transform/binding-linux-x64-musl": ["@oxc-transform/binding-linux-x64-musl@0.56.5", "", { "os": "linux", "cpu": "x64" }, "sha512-W7hFOx+hvvhB7dmDNYllEInWJrjBrnrsDLZ5/hcqDenLphj7EBfCDDhBMmwgcMCbAc8OIYW/dFMWlTTAPYMZ4Q=="],

    "@oxc-transform/binding-wasm32-wasi": ["@oxc-transform/binding-wasm32-wasi@0.56.5", "", { "dependencies": { "@napi-rs/wasm-runtime": "^0.2.7" }, "cpu": "none" }, "sha512-6sbMQmFTwiG5tJuUtFFUiyy3wapjzBTTr6uFR6aeaRu8V9yeCaM8O2LXa1g+Lo+t1RUDcIjGxXB+hAgzN3+5wA=="],

    "@oxc-transform/binding-win32-arm64-msvc": ["@oxc-transform/binding-win32-arm64-msvc@0.56.5", "", { "os": "win32", "cpu": "arm64" }, "sha512-kdejF9Q+Ig/xZ+VcJlGusOw22vVNIsP18MlR4TMTuoOcxkz9/bUQg+oj17V/gATmR5LZDXUU05CQLsdJgrCT6w=="],

    "@oxc-transform/binding-win32-x64-msvc": ["@oxc-transform/binding-win32-x64-msvc@0.56.5", "", { "os": "win32", "cpu": "x64" }, "sha512-/gmPYm+U5R/B81NTQfWOVlpxHooBjcZxPeGHHbh2nuRzrpxAE1fdXktZ2IbpOWCT5sRrAlY6ubQigfJJHKy1uA=="],

    "@standard-schema/spec": ["@standard-schema/spec@1.0.0", "", {}, "sha512-m2bOd0f2RT9k8QJx1JN85cZYyH1RqFBdlwtkSlf4tBDYLCiiZnv1fIIwacK6cqwXavOydf0NPToMQgpKq+dVlA=="],

    "@tybys/wasm-util": ["@tybys/wasm-util@0.9.0", "", { "dependencies": { "tslib": "^2.4.0" } }, "sha512-6+7nlbMVX/PVDCwaIQ8nTOPveOcFLSt8GcXdx8hD0bt39uWxYT88uXzqTd4fTvqta7oeUJqudepapKNt2DYJFw=="],

    "@types/bun": ["@types/bun@1.2.4", "", { "dependencies": { "bun-types": "1.2.4" } }, "sha512-QtuV5OMR8/rdKJs213iwXDpfVvnskPXY/S0ZiFbsTjQZycuqPbMW8Gf/XhLfwE5njW8sxI2WjISURXPlHypMFA=="],

    "@types/diff-match-patch": ["@types/diff-match-patch@1.0.36", "", {}, "sha512-xFdR6tkm0MWvBfO8xXCSsinYxHcqkQUlcHeSpMC2ukzOb6lwQAfDmW+Qt0AvlGd8HpsS28qKsB+oPeJn9I39jg=="],

    "@types/node": ["@types/node@22.13.10", "", { "dependencies": { "undici-types": "~6.20.0" } }, "sha512-I6LPUvlRH+O6VRUqYOcMudhaIdUVWfsjnZavnsraHvpBwaEyMN29ry+0UVJhImYL16xsscu0aske3yA+uPOWfw=="],

    "@types/ws": ["@types/ws@8.5.14", "", { "dependencies": { "@types/node": "*" } }, "sha512-bd/YFLW+URhBzMXurx7lWByOu+xzU9+kb3RboOteXYDfW+tr+JZa99OyNmPINEGB/ahzKrEuc8rcv4gnpJmxTw=="],

    "acorn": ["acorn@8.14.1", "", { "bin": { "acorn": "bin/acorn" } }, "sha512-OvQ/2pUDKmgfCg++xsTX1wGxfTaszcHVcTctW4UJB4hibJx2HXxxO5UmVgyjMa+ZDsiaf5wWLXYpRWMmBI0QHg=="],

    "ai": ["ai@4.1.54", "", { "dependencies": { "@ai-sdk/provider": "1.0.10", "@ai-sdk/provider-utils": "2.1.11", "@ai-sdk/react": "1.1.21", "@ai-sdk/ui-utils": "1.1.17", "@opentelemetry/api": "1.9.0", "jsondiffpatch": "0.6.0" }, "peerDependencies": { "react": "^18 || ^19 || ^19.0.0-rc", "zod": "^3.0.0" }, "optionalPeers": ["react", "zod"] }, "sha512-VcUZhNEC9i1OpdhDaz1cF0IllgMqhwoUdqHQT1U3dKvS9KnOa9qvEtUUAilA+VHI/1LSZF4VzGhXPC7QMT9NMg=="],

    "bun-plugin-isolated-decl": ["bun-plugin-isolated-decl@0.1.9", "", { "dependencies": { "is-glob": "^4.0.3", "oxc-transform": "^0.48.1", "unplugin-isolated-decl": "^0.10.6" }, "peerDependencies": { "typescript": "^5.7.3" } }, "sha512-FFSafVwAAcsSzKXdSQAS4ZNnUxoCc3vzIyfLedIZykPOclqDyLlSFuugSc6F3L+a87rZ+KuQFY0IH6uokaj3Xw=="],

    "bun-types": ["bun-types@1.2.4", "", { "dependencies": { "@types/node": "*", "@types/ws": "~8.5.10" } }, "sha512-nDPymR207ZZEoWD4AavvEaa/KZe/qlrbMSchqpQwovPZCKc7pwMoENjEtHgMKaAjJhy+x6vfqSBA1QU3bJgs0Q=="],

    "chalk": ["chalk@5.4.1", "", {}, "sha512-zgVZuo2WcZgfUEmsn6eO3kINexW8RAE4maiQ8QNs8CtpPCSyMiYsULR3HQYkm3w8FIA3SberyMJMSldGsW+U3w=="],

    "debug": ["debug@4.4.0", "", { "dependencies": { "ms": "^2.1.3" } }, "sha512-6WTZ/IxCY/T6BALoZHaE4ctp9xm+Z5kY/pzYaCHRFeyVhojxlrm+46y68HA6hr0TcwEssoxNiDEUJQjfPZ/RYA=="],

    "dequal": ["dequal@2.0.3", "", {}, "sha512-0je+qPKHEMohvfRTCEo3CrPG6cAzAYgmzKyxRiYSSDkS6eGJdyVJm7WaYA5ECaAD9wLB2T4EEeymA5aFVcYXCA=="],

    "diff-match-patch": ["diff-match-patch@1.0.5", "", {}, "sha512-IayShXAgj/QMXgB0IWmKx+rOPuGMhqm5w6jvFxmVenXKIzRqTAAsbBPT3kWQeGANj3jGgvcvv4yK6SxqYmikgw=="],

    "eventsource-parser": ["eventsource-parser@3.0.0", "", {}, "sha512-T1C0XCUimhxVQzW4zFipdx0SficT651NnkR0ZSH3yQwh+mFMdLfgjABVi4YtMTtaL4s168593DaoaRLMqryavA=="],

    "is-extglob": ["is-extglob@2.1.1", "", {}, "sha512-SbKbANkN603Vi4jEZv49LeVJMn4yGwsbzZworEoyEiutsN3nJYdbO36zfhGJ6QEDpOZIFkDtnq5JRxmvl3jsoQ=="],

    "is-glob": ["is-glob@4.0.3", "", { "dependencies": { "is-extglob": "^2.1.1" } }, "sha512-xelSayHH36ZgE7ZWhli7pW34hNbNl8Ojv5KVmkJD4hBdD3th8Tfk9vYasLM+mXWOZhFkgZfxhLSnrwRr4elSSg=="],

    "json-schema": ["json-schema@0.4.0", "", {}, "sha512-es94M3nTIfsEPisRafak+HDLfHXnKBhV3vU5eqPcS3flIWqcxJWgXHXiey3YrpaNsanY5ei1VoYEbOzijuq9BA=="],

    "jsondiffpatch": ["jsondiffpatch@0.6.0", "", { "dependencies": { "@types/diff-match-patch": "^1.0.36", "chalk": "^5.3.0", "diff-match-patch": "^1.0.5" }, "bin": { "jsondiffpatch": "bin/jsondiffpatch.js" } }, "sha512-3QItJOXp2AP1uv7waBkao5nCvhEv+QmJAd38Ybq7wNI74Q+BBmnLn4EDKz6yI9xGAIQoUF87qHt+kc1IVxB4zQ=="],

    "magic-string": ["magic-string@0.30.17", "", { "dependencies": { "@jridgewell/sourcemap-codec": "^1.5.0" } }, "sha512-sNPKHvyjVf7gyjwS4xGTaW/mCnF8wnjtifKBEhxfZ7E/S8tQ0rssrwGNn6q8JH/ohItJfSQp9mBtQYuTlH5QnA=="],

    "ms": ["ms@2.1.3", "", {}, "sha512-6FlzubTLZG3J2a/NVCAleEhjzq5oxgHyaCU9yYXvcLsvoVaHJq/s5xXI6/XXP6tz7R9xAOtHnSO/tXtF3WRTlA=="],

    "nanoid": ["nanoid@3.3.9", "", { "bin": { "nanoid": "bin/nanoid.cjs" } }, "sha512-SppoicMGpZvbF1l3z4x7No3OlIjP7QJvC9XR7AhZr1kL133KHnKPztkKDc+Ir4aJ/1VhTySrtKhrsycmrMQfvg=="],

    "oxc-parser": ["oxc-parser@0.48.2", "", { "dependencies": { "@oxc-project/types": "^0.48.2" }, "optionalDependencies": { "@oxc-parser/binding-darwin-arm64": "0.48.2", "@oxc-parser/binding-darwin-x64": "0.48.2", "@oxc-parser/binding-linux-arm64-gnu": "0.48.2", "@oxc-parser/binding-linux-arm64-musl": "0.48.2", "@oxc-parser/binding-linux-x64-gnu": "0.48.2", "@oxc-parser/binding-linux-x64-musl": "0.48.2", "@oxc-parser/binding-win32-arm64-msvc": "0.48.2", "@oxc-parser/binding-win32-x64-msvc": "0.48.2" } }, "sha512-UlCh4q1FrPNlc0WzPA5cw0SRnGprpn8o4aRU05ceeqTfbT2KoRus9X1bkHGngSP6n7IXUHUPJ6hs3mJW1GBu/w=="],

    "oxc-transform": ["oxc-transform@0.56.5", "", { "optionalDependencies": { "@oxc-transform/binding-darwin-arm64": "0.56.5", "@oxc-transform/binding-darwin-x64": "0.56.5", "@oxc-transform/binding-linux-arm-gnueabihf": "0.56.5", "@oxc-transform/binding-linux-arm64-gnu": "0.56.5", "@oxc-transform/binding-linux-arm64-musl": "0.56.5", "@oxc-transform/binding-linux-x64-gnu": "0.56.5", "@oxc-transform/binding-linux-x64-musl": "0.56.5", "@oxc-transform/binding-wasm32-wasi": "0.56.5", "@oxc-transform/binding-win32-arm64-msvc": "0.56.5", "@oxc-transform/binding-win32-x64-msvc": "0.56.5" } }, "sha512-cLIZZqdwLpBBTZ9ILNpcGQUrqvgLKpo1+wx9CHimORs4Q6HUMjOYK65aZzyi5pIfBGzq0j3avK7rufpik0vzlA=="],

    "pathe": ["pathe@2.0.3", "", {}, "sha512-WUjGcAqP1gQacoQe+OBJsFA7Ld4DyXuUIjZ5cc75cLHvJ7dtNsTugphxIADwspS+AraAUePCKrSVtPLFj/F88w=="],

    "picomatch": ["picomatch@4.0.2", "", {}, "sha512-M7BAV6Rlcy5u+m6oPhAPFgJTzAioX/6B0DxyvDlo9l8+T3nLKbrczg2WLUyzd45L8RqfUMyGPzekbMvX2Ldkwg=="],

    "react": ["react@19.0.0", "", {}, "sha512-V8AVnmPIICiWpGfm6GLzCR/W5FXLchHop40W4nXBmdlEceh16rCN8O8LNWm5bh5XUX91fh7KpA+W0TgMKmgTpQ=="],

    "secure-json-parse": ["secure-json-parse@2.7.0", "", {}, "sha512-6aU+Rwsezw7VR8/nyvKTx8QpWH9FrcYiXXlqC4z5d5XQBDRqtbfsRjnwGyqbi3gddNtWHuEk9OANUotL26qKUw=="],

    "swr": ["swr@2.3.3", "", { "dependencies": { "dequal": "^2.0.3", "use-sync-external-store": "^1.4.0" }, "peerDependencies": { "react": "^16.11.0 || ^17.0.0 || ^18.0.0 || ^19.0.0" } }, "sha512-dshNvs3ExOqtZ6kJBaAsabhPdHyeY4P2cKwRCniDVifBMoG/SVI7tfLWqPXriVspf2Rg4tPzXJTnwaihIeFw2A=="],

    "throttleit": ["throttleit@2.1.0", "", {}, "sha512-nt6AMGKW1p/70DF/hGBdJB57B8Tspmbp5gfJ8ilhLnt7kkr2ye7hzD6NVG8GGErk2HWF34igrL2CXmNIkzKqKw=="],

    "tslib": ["tslib@2.8.1", "", {}, "sha512-oJFu94HQb+KVduSUQL7wnpmqnfmLsOA/nAh6b6EH0wCEoK0/mPeXU6c3wKDV83MkOuHPRHtSXKKU99IBazS/2w=="],

    "typescript": ["typescript@5.8.2", "", { "bin": { "tsc": "bin/tsc", "tsserver": "bin/tsserver" } }, "sha512-aJn6wq13/afZp/jT9QZmwEjDqqvSGp1VT5GVg+f/t6/oVyrgXM6BY1h9BRh/O5p3PlUPAe+WuiEZOmb/49RqoQ=="],

    "undici-types": ["undici-types@6.20.0", "", {}, "sha512-Ny6QZ2Nju20vw1SRHe3d9jVu6gJ+4e3+MMpqu7pqE5HT6WsTSlce++GQmK5UXS8mzV8DSYHrQH+Xrf2jVcuKNg=="],

    "unplugin": ["unplugin@2.2.0", "", { "dependencies": { "acorn": "^8.14.0", "webpack-virtual-modules": "^0.6.2" } }, "sha512-m1ekpSwuOT5hxkJeZGRxO7gXbXT3gF26NjQ7GdVHoLoF8/nopLcd/QfPigpCy7i51oFHiRJg/CyHhj4vs2+KGw=="],

    "unplugin-isolated-decl": ["unplugin-isolated-decl@0.10.7", "", { "dependencies": { "debug": "^4.4.0", "magic-string": "^0.30.17", "oxc-parser": "^0.48.2", "unplugin": "^2.1.2", "unplugin-utils": "^0.2.0" }, "peerDependencies": { "@swc/core": "^1.6.6", "oxc-transform": ">=0.42.0", "typescript": "^5.5.2" }, "optionalPeers": ["@swc/core", "oxc-transform", "typescript"] }, "sha512-7eSgUicXr2A2KfWhlpbQgxJ8lJoSCrK0lEiovQx1oRmOJo4hTnjHMQTjyITS3mh7Y41UliGP7Z0czkC7eZRAwQ=="],

    "unplugin-utils": ["unplugin-utils@0.2.4", "", { "dependencies": { "pathe": "^2.0.2", "picomatch": "^4.0.2" } }, "sha512-8U/MtpkPkkk3Atewj1+RcKIjb5WBimZ/WSLhhR3w6SsIj8XJuKTacSP8g+2JhfSGw0Cb125Y+2zA/IzJZDVbhA=="],

    "use-sync-external-store": ["use-sync-external-store@1.4.0", "", { "peerDependencies": { "react": "^16.8.0 || ^17.0.0 || ^18.0.0 || ^19.0.0" } }, "sha512-9WXSPC5fMv61vaupRkCKCxsPxBocVnwakBEkMIHHpkTTg6icbJtg6jzgtLDm4bl3cSHAca52rYWih0k4K3PfHw=="],

    "webpack-virtual-modules": ["webpack-virtual-modules@0.6.2", "", {}, "sha512-66/V2i5hQanC51vBQKPH4aI8NMAcBW59FVBs+rC7eGHupMyfn34q7rZIE+ETlJ+XTevqfUhVVBgSUNSW2flEUQ=="],

    "zod": ["zod@3.24.2", "", {}, "sha512-lY7CDW43ECgW9u1TcT3IoXHflywfVqDYze4waEz812jR/bZ8FHDsl7pFQoSZTz5N+2NqRXs8GBwnAwo3ZNxqhQ=="],

    "zod-to-json-schema": ["zod-to-json-schema@3.24.3", "", { "peerDependencies": { "zod": "^3.24.1" } }, "sha512-HIAfWdYIt1sssHfYZFCXp4rU1w2r8hVVXYIlmoa0r0gABLs5di3RCqPU5DDROogVz1pAdYBaz7HK5n9pSUNs3A=="],

    "bun-plugin-isolated-decl/oxc-transform": ["oxc-transform@0.48.2", "", { "optionalDependencies": { "@oxc-transform/binding-darwin-arm64": "0.48.2", "@oxc-transform/binding-darwin-x64": "0.48.2", "@oxc-transform/binding-linux-arm64-gnu": "0.48.2", "@oxc-transform/binding-linux-arm64-musl": "0.48.2", "@oxc-transform/binding-linux-x64-gnu": "0.48.2", "@oxc-transform/binding-linux-x64-musl": "0.48.2", "@oxc-transform/binding-win32-arm64-msvc": "0.48.2", "@oxc-transform/binding-win32-x64-msvc": "0.48.2" } }, "sha512-SGXm/JNOo8aWUboNvF3KOJHAOI7rBRDiMqKyGQpAY2ffR+VfunCEi2tqYynKzG8gz0L6imgqFgyuASOuvJI8NA=="],

    "bun-plugin-isolated-decl/oxc-transform/@oxc-transform/binding-darwin-arm64": ["@oxc-transform/binding-darwin-arm64@0.48.2", "", { "os": "darwin", "cpu": "arm64" }, "sha512-JzctV+H6IDl+vwTlY/7+2JMqb+94HUHfgHii+hMUM76XNaLAOyKxn3Be26t/FgrscoIR+bO6kMYL/T0sDkP7fA=="],

    "bun-plugin-isolated-decl/oxc-transform/@oxc-transform/binding-darwin-x64": ["@oxc-transform/binding-darwin-x64@0.48.2", "", { "os": "darwin", "cpu": "x64" }, "sha512-4yen3cHv/AUMb/mmDkrZXTxsFthqdzWbBb39hQgUNK81/AkFS3t+yrg7BBz1zdXunT6iJh/WQDp2ULWEV7Caiw=="],

    "bun-plugin-isolated-decl/oxc-transform/@oxc-transform/binding-linux-arm64-gnu": ["@oxc-transform/binding-linux-arm64-gnu@0.48.2", "", { "os": "linux", "cpu": "arm64" }, "sha512-LH5+AVb16tNDfkFbG9+aXjfGJTKmPjhIwl5ENHVAN5XlAz2w4rTp9873oo909G6uZWsdOtjxGpG3qzneXg6Aaw=="],

    "bun-plugin-isolated-decl/oxc-transform/@oxc-transform/binding-linux-arm64-musl": ["@oxc-transform/binding-linux-arm64-musl@0.48.2", "", { "os": "linux", "cpu": "arm64" }, "sha512-jAP77atjtsfPfRtPhCcsDY3nLXy4oEVIsiuioBDWKuerAGwDPL6Q5GBhFXNH+yN2Yi5lZMgATM/4OGn9dVGM8A=="],

    "bun-plugin-isolated-decl/oxc-transform/@oxc-transform/binding-linux-x64-gnu": ["@oxc-transform/binding-linux-x64-gnu@0.48.2", "", { "os": "linux", "cpu": "x64" }, "sha512-qx+xL9FZzSSdYZRzZbvQtqWPaQkDmaHU/EScAiVrELwuDp7Dinn8YmMmYV52iaZvVs2+blMLCOG8xaqIjJIfBA=="],

    "bun-plugin-isolated-decl/oxc-transform/@oxc-transform/binding-linux-x64-musl": ["@oxc-transform/binding-linux-x64-musl@0.48.2", "", { "os": "linux", "cpu": "x64" }, "sha512-auPVLE2WXWNwjVsQBbN8pX1HDJtUeD4BNkI2byI9LSGpu7kmY9+GGxU5/3INmXNnaMuWTlBiuEKDIUVr9Znt7A=="],

    "bun-plugin-isolated-decl/oxc-transform/@oxc-transform/binding-win32-arm64-msvc": ["@oxc-transform/binding-win32-arm64-msvc@0.48.2", "", { "os": "win32", "cpu": "arm64" }, "sha512-X/hpuxXEhzliwqkSvecxGBrvVpFggH3gnWKNhq4MaMRbPyBpFzRf0ygThzLQdOgUIu806jRXRAL2UY0XDBB7Ng=="],

    "bun-plugin-isolated-decl/oxc-transform/@oxc-transform/binding-win32-x64-msvc": ["@oxc-transform/binding-win32-x64-msvc@0.48.2", "", { "os": "win32", "cpu": "x64" }, "sha512-CLa3NMLpKiWg3OTu09XVNPWlYci9go/vijoj658zlbccMwT5yioHjPTk+pomycBMNEG5ei6Ak8fWjCKpXXRJRA=="],
  }
}
